
Microsoft Visual Studio Solution File, Format Version 12.00
# Visual Studio Version 17
VisualStudioVersion = 17.6.33829.357
MinimumVisualStudioVersion = 10.0.40219.1
Project("{FAE04EC0-301F-11D3-BF4B-00C04F79EFBC}") = "Aluguel de carro", "Aluguel de carro\Aluguel de carro.csproj", "{3A0D4025-0C6C-4B6E-BBA3-CEF56B6FE471}"
EndProject
Global
	GlobalSection(SolutionConfigurationPlatforms) = preSolution
		Debug|Any CPU = Debug|Any CPU
		Release|Any CPU = Release|Any CPU
	EndGlobalSection
	GlobalSection(ProjectConfigurationPlatforms) = postSolution
		{3A0D4025-0C6C-4B6E-BBA3-CEF56B6FE471}.Debug|Any CPU.ActiveCfg = Debug|Any CPU
		{3A0D4025-0C6C-4B6E-BBA3-CEF56B6FE471}.Debug|Any CPU.Build.0 = Debug|Any CPU
		{3A0D4025-0C6C-4B6E-BBA3-CEF56B6FE471}.Release|Any CPU.ActiveCfg = Release|Any CPU
		{3A0D4025-0C6C-4B6E-BBA3-CEF56B6FE471}.Release|Any CPU.Build.0 = Release|Any CPU
	EndGlobalSection
	GlobalSection(SolutionProperties) = preSolution
		HideSolutionNode = FALSE
	EndGlobalSection
	GlobalSection(ExtensibilityGlobals) = postSolution
		SolutionGuid = {452F9A5D-4DD5-4E64-8211-08C1E36F7CFC}
	EndGlobalSection
EndGlobal
